// !$*UTF8*$!
{
	archiveVersion = 1;
	classes = {
	};
	objectVersion = 46;
	objects = {

/* Begin PBXBuildFile section */
		182799ED1BB99AA90099DC32 /* AppDelegate.swift in Sources */ = {isa = PBXBuildFile; fileRef = 182799EC1BB99AA90099DC32 /* AppDelegate.swift */; };
		182799EF1BB99AA90099DC32 /* ViewController.swift in Sources */ = {isa = PBXBuildFile; fileRef = 182799EE1BB99AA90099DC32 /* ViewController.swift */; };
		182799F11BB99AA90099DC32 /* Assets.xcassets in Resources */ = {isa = PBXBuildFile; fileRef = 182799F01BB99AA90099DC32 /* Assets.xcassets */; };
		182799F41BB99AA90099DC32 /* Main.storyboard in Resources */ = {isa = PBXBuildFile; fileRef = 182799F21BB99AA90099DC32 /* Main.storyboard */; };
		182799FC1BB99F810099DC32 /* Extensions.swift in Sources */ = {isa = PBXBuildFile; fileRef = 182799FB1BB99F810099DC32 /* Extensions.swift */; settings = {ASSET_TAGS = (); }; };
		AC09F2042EC286101052B58A /* Pods_HelloChat_OSX.framework in Frameworks */ = {isa = PBXBuildFile; fileRef = 94186E83E5AD00904261F5C9 /* Pods_HelloChat_OSX.framework */; settings = {ATTRIBUTES = (Weak, ); }; };
/* End PBXBuildFile section */

/* Begin PBXFileReference section */
		182799E91BB99AA90099DC32 /* HelloChat-OSX.app */ = {isa = PBXFileReference; explicitFileType = wrapper.application; includeInIndex = 0; path = "HelloChat-OSX.app"; sourceTree = BUILT_PRODUCTS_DIR; };
		182799EC1BB99AA90099DC32 /* AppDelegate.swift */ = {isa = PBXFileReference; lastKnownFileType = sourcecode.swift; path = AppDelegate.swift; sourceTree = "<group>"; };
		182799EE1BB99AA90099DC32 /* ViewController.swift */ = {isa = PBXFileReference; lastKnownFileType = sourcecode.swift; path = ViewController.swift; sourceTree = "<group>"; };
		182799F01BB99AA90099DC32 /* Assets.xcassets */ = {isa = PBXFileReference; lastKnownFileType = folder.assetcatalog; path = Assets.xcassets; sourceTree = "<group>"; };
		182799F31BB99AA90099DC32 /* Base */ = {isa = PBXFileReference; lastKnownFileType = file.storyboard; name = Base; path = Base.lproj/Main.storyboard; sourceTree = "<group>"; };
		182799F51BB99AA90099DC32 /* Info.plist */ = {isa = PBXFileReference; lastKnownFileType = text.plist.xml; path = Info.plist; sourceTree = "<group>"; };
		182799FB1BB99F810099DC32 /* Extensions.swift */ = {isa = PBXFileReference; fileEncoding = 4; lastKnownFileType = sourcecode.swift; path = Extensions.swift; sourceTree = "<group>"; };
		30CD0E388499B0E0C8435158 /* Pods-HelloChat-OSX.release.xcconfig */ = {isa = PBXFileReference; includeInIndex = 1; lastKnownFileType = text.xcconfig; name = "Pods-HelloChat-OSX.release.xcconfig"; path = "Pods/Target Support Files/Pods-HelloChat-OSX/Pods-HelloChat-OSX.release.xcconfig"; sourceTree = "<group>"; };
		94186E83E5AD00904261F5C9 /* Pods_HelloChat_OSX.framework */ = {isa = PBXFileReference; explicitFileType = wrapper.framework; includeInIndex = 0; path = Pods_HelloChat_OSX.framework; sourceTree = BUILT_PRODUCTS_DIR; };
		E48E5793B0B3866D3D513C05 /* Pods-HelloChat-OSX.debug.xcconfig */ = {isa = PBXFileReference; includeInIndex = 1; lastKnownFileType = text.xcconfig; name = "Pods-HelloChat-OSX.debug.xcconfig"; path = "Pods/Target Support Files/Pods-HelloChat-OSX/Pods-HelloChat-OSX.debug.xcconfig"; sourceTree = "<group>"; };
/* End PBXFileReference section */

/* Begin PBXFrameworksBuildPhase section */
		182799E61BB99AA90099DC32 /* Frameworks */ = {
			isa = PBXFrameworksBuildPhase;
			buildActionMask = 2147483647;
			files = (
				AC09F2042EC286101052B58A /* Pods_HelloChat_OSX.framework in Frameworks */,
			);
			runOnlyForDeploymentPostprocessing = 0;
		};
/* End PBXFrameworksBuildPhase section */

/* Begin PBXGroup section */
		182799E01BB99AA90099DC32 = {
			isa = PBXGroup;
			children = (
				182799EB1BB99AA90099DC32 /* HelloChat-OSX */,
				182799EA1BB99AA90099DC32 /* Products */,
				5BF8696FEF7B09EA7AB16D04 /* Pods */,
				ED497E804EBE2D45538D31EE /* Frameworks */,
			);
			sourceTree = "<group>";
		};
		182799EA1BB99AA90099DC32 /* Products */ = {
			isa = PBXGroup;
			children = (
				182799E91BB99AA90099DC32 /* HelloChat-OSX.app */,
			);
			name = Products;
			sourceTree = "<group>";
		};
		182799EB1BB99AA90099DC32 /* HelloChat-OSX */ = {
			isa = PBXGroup;
			children = (
				182799EC1BB99AA90099DC32 /* AppDelegate.swift */,
				182799EE1BB99AA90099DC32 /* ViewController.swift */,
				182799F01BB99AA90099DC32 /* Assets.xcassets */,
				182799F21BB99AA90099DC32 /* Main.storyboard */,
				182799F51BB99AA90099DC32 /* Info.plist */,
				182799FB1BB99F810099DC32 /* Extensions.swift */,
			);
			path = "HelloChat-OSX";
			sourceTree = "<group>";
		};
		5BF8696FEF7B09EA7AB16D04 /* Pods */ = {
			isa = PBXGroup;
			children = (
				E48E5793B0B3866D3D513C05 /* Pods-HelloChat-OSX.debug.xcconfig */,
				30CD0E388499B0E0C8435158 /* Pods-HelloChat-OSX.release.xcconfig */,
			);
			name = Pods;
			sourceTree = "<group>";
		};
		ED497E804EBE2D45538D31EE /* Frameworks */ = {
			isa = PBXGroup;
			children = (
				94186E83E5AD00904261F5C9 /* Pods_HelloChat_OSX.framework */,
			);
			name = Frameworks;
			sourceTree = "<group>";
		};
/* End PBXGroup section */

/* Begin PBXNativeTarget section */
		182799E81BB99AA90099DC32 /* HelloChat-OSX */ = {
			isa = PBXNativeTarget;
			buildConfigurationList = 182799F81BB99AA90099DC32 /* Build configuration list for PBXNativeTarget "HelloChat-OSX" */;
			buildPhases = (
				356C24A2A88DD51B37B8F338 /* Check Pods Manifest.lock */,
				182799E51BB99AA90099DC32 /* Sources */,
				182799E61BB99AA90099DC32 /* Frameworks */,
				182799E71BB99AA90099DC32 /* Resources */,
				0361549BF0BB0AAA186E96D7 /* Embed Pods Frameworks */,
				9BAB2F1106BEF91475FB3C16 /* Copy Pods Resources */,
			);
			buildRules = (
			);
			dependencies = (
			);
			name = "HelloChat-OSX";
			productName = "HelloChat-OSX";
			productReference = 182799E91BB99AA90099DC32 /* HelloChat-OSX.app */;
			productType = "com.apple.product-type.application";
		};
/* End PBXNativeTarget section */

/* Begin PBXProject section */
		182799E11BB99AA90099DC32 /* Project object */ = {
			isa = PBXProject;
			attributes = {
				LastUpgradeCheck = 0700;
				ORGANIZATIONNAME = "Big Bang";
				TargetAttributes = {
					182799E81BB99AA90099DC32 = {
						CreatedOnToolsVersion = 7.0;
					};
				};
			};
			buildConfigurationList = 182799E41BB99AA90099DC32 /* Build configuration list for PBXProject "HelloChat-OSX" */;
			compatibilityVersion = "Xcode 3.2";
			developmentRegion = English;
			hasScannedForEncodings = 0;
			knownRegions = (
				en,
				Base,
			);
			mainGroup = 182799E01BB99AA90099DC32;
			productRefGroup = 182799EA1BB99AA90099DC32 /* Products */;
			projectDirPath = "";
			projectRoot = "";
			targets = (
				182799E81BB99AA90099DC32 /* HelloChat-OSX */,
			);
		};
/* End PBXProject section */

/* Begin PBXResourcesBuildPhase section */
		182799E71BB99AA90099DC32 /* Resources */ = {
			isa = PBXResourcesBuildPhase;
			buildActionMask = 2147483647;
			files = (
				182799F11BB99AA90099DC32 /* Assets.xcassets in Resources */,
				182799F41BB99AA90099DC32 /* Main.storyboard in Resources */,
			);
			runOnlyForDeploymentPostprocessing = 0;
		};
/* End PBXResourcesBuildPhase section */

/* Begin PBXShellScriptBuildPhase section */
		0361549BF0BB0AAA186E96D7 /* Embed Pods Frameworks */ = {
			isa = PBXShellScriptBuildPhase;
			buildActionMask = 2147483647;
			files = (
			);
			inputPaths = (
			);
			name = "Embed Pods Frameworks";
			outputPaths = (
			);
			runOnlyForDeploymentPostprocessing = 0;
			shellPath = /bin/sh;
			shellScript = "\"${SRCROOT}/Pods/Target Support Files/Pods-HelloChat-OSX/Pods-HelloChat-OSX-frameworks.sh\"\n";
			showEnvVarsInLog = 0;
		};
		356C24A2A88DD51B37B8F338 /* Check Pods Manifest.lock */ = {
			isa = PBXShellScriptBuildPhase;
			buildActionMask = 2147483647;
			files = (
			);
			inputPaths = (
			);
			name = "Check Pods Manifest.lock";
			outputPaths = (
			);
			runOnlyForDeploymentPostprocessing = 0;
			shellPath = /bin/sh;
			shellScript = "diff \"${PODS_ROOT}/../Podfile.lock\" \"${PODS_ROOT}/Manifest.lock\" > /dev/null\nif [[ $? != 0 ]] ; then\n    cat << EOM\nerror: The sandbox is not in sync with the Podfile.lock. Run 'pod install' or update your CocoaPods installation.\nEOM\n    exit 1\nfi\n";
			showEnvVarsInLog = 0;
		};
		9BAB2F1106BEF91475FB3C16 /* Copy Pods Resources */ = {
			isa = PBXShellScriptBuildPhase;
			buildActionMask = 2147483647;
			files = (
			);
			inputPaths = (
			);
			name = "Copy Pods Resources";
			outputPaths = (
			);
			runOnlyForDeploymentPostprocessing = 0;
			shellPath = /bin/sh;
			shellScript = "\"${SRCROOT}/Pods/Target Support Files/Pods-HelloChat-OSX/Pods-HelloChat-OSX-resources.sh\"\n";
			showEnvVarsInLog = 0;
		};
/* End PBXShellScriptBuildPhase section */

/* Begin PBXSourcesBuildPhase section */
		182799E51BB99AA90099DC32 /* Sources */ = {
			isa = PBXSourcesBuildPhase;
			buildActionMask = 2147483647;
			files = (
				182799EF1BB99AA90099DC32 /* ViewController.swift in Sources */,
				182799FC1BB99F810099DC32 /* Extensions.swift in Sources */,
				182799ED1BB99AA90099DC32 /* AppDelegate.swift in Sources */,
			);
			runOnlyForDeploymentPostprocessing = 0;
		};
/* End PBXSourcesBuildPhase section */

/* Begin PBXVariantGroup section */
		182799F21BB99AA90099DC32 /* Main.storyboard */ = {
			isa = PBXVariantGroup;
			children = (
				182799F31BB99AA90099DC32 /* Base */,
			);
			name = Main.storyboard;
			sourceTree = "<group>";
		};
/* End PBXVariantGroup section */

/* Begin XCBuildConfiguration section */
		182799F61BB99AA90099DC32 /* Debug */ = {
			isa = XCBuildConfiguration;
			buildSettings = {
				ALWAYS_SEARCH_USER_PATHS = NO;
				CLANG_CXX_LANGUAGE_STANDARD = "gnu++0x";
				CLANG_CXX_LIBRARY = "libc++";
				CLANG_ENABLE_MODULES = YES;
				CLANG_ENABLE_OBJC_ARC = YES;
				CLANG_WARN_BOOL_CONVERSION = YES;
				CLANG_WARN_CONSTANT_CONVERSION = YES;
				CLANG_WARN_DIRECT_OBJC_ISA_USAGE = YES_ERROR;
				CLANG_WARN_EMPTY_BODY = YES;
				CLANG_WARN_ENUM_CONVERSION = YES;
				CLANG_WARN_INT_CONVERSION = YES;
				CLANG_WARN_OBJC_ROOT_CLASS = YES_ERROR;
				CLANG_WARN_UNREACHABLE_CODE = YES;
				CLANG_WARN__DUPLICATE_METHOD_MATCH = YES;
				CODE_SIGN_IDENTITY = "-";
				COPY_PHASE_STRIP = NO;
				DEBUG_INFORMATION_FORMAT = dwarf;
				ENABLE_STRICT_OBJC_MSGSEND = YES;
				ENABLE_TESTABILITY = YES;
				GCC_C_LANGUAGE_STANDARD = gnu99;
				GCC_DYNAMIC_NO_PIC = NO;
				GCC_NO_COMMON_BLOCKS = YES;
				GCC_OPTIMIZATION_LEVEL = 0;
				GCC_PREPROCESSOR_DEFINITIONS = (
					"DEBUG=1",
					"$(inherited)",
				);
				GCC_WARN_64_TO_32_BIT_CONVERSION = YES;
				GCC_WARN_ABOUT_RETURN_TYPE = YES_ERROR;
				GCC_WARN_UNDECLARED_SELECTOR = YES;
				GCC_WARN_UNINITIALIZED_AUTOS = YES_AGGRESSIVE;
				GCC_WARN_UNUSED_FUNCTION = YES;
				GCC_WARN_UNUSED_VARIABLE = YES;
				MACOSX_DEPLOYMENT_TARGET = 10.10;
				MTL_ENABLE_DEBUG_INFO = YES;
				ONLY_ACTIVE_ARCH = YES;
				SDKROOT = macosx;
				SWIFT_OPTIMIZATION_LEVEL = "-Onone";
			};
			name = Debug;
		};
		182799F71BB99AA90099DC32 /* Release */ = {
			isa = XCBuildConfiguration;
			buildSettings = {
				ALWAYS_SEARCH_USER_PATHS = NO;
				CLANG_CXX_LANGUAGE_STANDARD = "gnu++0x";
				CLANG_CXX_LIBRARY = "libc++";
				CLANG_ENABLE_MODULES = YES;
				CLANG_ENABLE_OBJC_ARC = YES;
				CLANG_WARN_BOOL_CONVERSION = YES;
				CLANG_WARN_CONSTANT_CONVERSION = YES;
				CLANG_WARN_DIRECT_OBJC_ISA_USAGE = YES_ERROR;
				CLANG_WARN_EMPTY_BODY = YES;
				CLANG_WARN_ENUM_CONVERSION = YES;
				CLANG_WARN_INT_CONVERSION = YES;
				CLANG_WARN_OBJC_ROOT_CLASS = YES_ERROR;
				CLANG_WARN_UNREACHABLE_CODE = YES;
				CLANG_WARN__DUPLICATE_METHOD_MATCH = YES;
				CODE_SIGN_IDENTITY = "-";
				COPY_PHASE_STRIP = NO;
				DEBUG_INFORMATION_FORMAT = "dwarf-with-dsym";
				ENABLE_NS_ASSERTIONS = NO;
				ENABLE_STRICT_OBJC_MSGSEND = YES;
				GCC_C_LANGUAGE_STANDARD = gnu99;
				GCC_NO_COMMON_BLOCKS = YES;
				GCC_WARN_64_TO_32_BIT_CONVERSION = YES;
				GCC_WARN_ABOUT_RETURN_TYPE = YES_ERROR;
				GCC_WARN_UNDECLARED_SELECTOR = YES;
				GCC_WARN_UNINITIALIZED_AUTOS = YES_AGGRESSIVE;
				GCC_WARN_UNUSED_FUNCTION = YES;
				GCC_WARN_UNUSED_VARIABLE = YES;
				MACOSX_DEPLOYMENT_TARGET = 10.10;
				MTL_ENABLE_DEBUG_INFO = NO;
				SDKROOT = macosx;
			};
			name = Release;
		};
		182799F91BB99AA90099DC32 /* Debug */ = {
			isa = XCBuildConfiguration;
			baseConfigurationReference = E48E5793B0B3866D3D513C05 /* Pods-HelloChat-OSX.debug.xcconfig */;
			buildSettings = {
				ASSETCATALOG_COMPILER_APPICON_NAME = AppIcon;
				COMBINE_HIDPI_IMAGES = YES;
				INFOPLIST_FILE = "HelloChat-OSX/Info.plist";
				LD_RUNPATH_SEARCH_PATHS = "$(inherited) @executable_path/../Frameworks";
				PRODUCT_BUNDLE_IDENTIFIER = "io.bigbang.example.HelloChat-OSX";
				PRODUCT_NAME = "$(TARGET_NAME)";
			};
			name = Debug;
		};
		182799FA1BB99AA90099DC32 /* Release */ = {
			isa = XCBuildConfiguration;
			baseConfigurationReference = 30CD0E388499B0E0C8435158 /* Pods-HelloChat-OSX.release.xcconfig */;
			buildSettings = {
				ASSETCATALOG_COMPILER_APPICON_NAME = AppIcon;
				COMBINE_HIDPI_IMAGES = YES;
				INFOPLIST_FILE = "HelloChat-OSX/Info.plist";
				LD_RUNPATH_SEARCH_PATHS = "$(inherited) @executable_path/../Frameworks";
				PRODUCT_BUNDLE_IDENTIFIER = "io.bigbang.example.HelloChat-OSX";
				PRODUCT_NAME = "$(TARGET_NAME)";
			};
			name = Release;
		};
/* End XCBuildConfiguration section */

/* Begin XCConfigurationList section */
		182799E41BB99AA90099DC32 /* Build configuration list for PBXProject "HelloChat-OSX" */ = {
			isa = XCConfigurationList;
			buildConfigurations = (
				182799F61BB99AA90099DC32 /* Debug */,
				182799F71BB99AA90099DC32 /* Release */,
			);
			defaultConfigurationIsVisible = 0;
			defaultConfigurationName = Release;
		};
		182799F81BB99AA90099DC32 /* Build configuration list for PBXNativeTarget "HelloChat-OSX" */ = {
			isa = XCConfigurationList;
			buildConfigurations = (
				182799F91BB99AA90099DC32 /* Debug */,
				182799FA1BB99AA90099DC32 /* Release */,
			);
			defaultConfigurationIsVisible = 0;
			defaultConfigurationName = Release;
		};
/* End XCConfigurationList section */
	};
	rootObject = 182799E11BB99AA90099DC32 /* Project object */;
}
